<?xml version="1.0" encoding="utf-8"?>
<Project ToolsVersion="4.0" xmlns="http://schemas.microsoft.com/developer/msbuild/2003">
  <ItemGroup>
    <Filter Include="Fichiers sources">
      <UniqueIdentifier>{4FC737F1-C7A5-4376-A066-2A32D752A2FF}</UniqueIdentifier>
      <Extensions>cpp;c;cc;cxx;c++;cppm;ixx;def;odl;idl;hpj;bat;asm;asmx</Extensions>
    </Filter>
    <Filter Include="Fichiers d%27en-tête">
      <UniqueIdentifier>{93995380-89BD-4b04-88EB-625FBE52EBFB}</UniqueIdentifier>
      <Extensions>h;hh;hpp;hxx;h++;hm;inl;inc;ipp;xsd</Extensions>
    </Filter>
    <Filter Include="Fichiers de ressources">
      <UniqueIdentifier>{67DA6AB6-F800-4c08-8B7A-83BB121AAD01}</UniqueIdentifier>
      <Extensions>rc;ico;cur;bmp;dlg;rc2;rct;bin;rgs;gif;jpg;jpeg;jpe;resx;tiff;tif;png;wav;mfcribbon-ms</Extensions>
    </Filter>
    <Filter Include="Fichiers sources\examples">
      <UniqueIdentifier>{d9d64f64-0c3d-434d-9109-fd3d21417cb3}</UniqueIdentifier>
    </Filter>
  </ItemGroup>
  <ItemGroup>
    <ClCompile Include="main.cpp">
      <Filter>Fichiers sources</Filter>
    </ClCompile>
    <ClCompile Include="Window.cpp">
      <Filter>Fichiers sources</Filter>
    </ClCompile>
    <ClCompile Include="Buffer.cpp">
      <Filter>Fichiers sources</Filter>
    </ClCompile>
    <ClCompile Include="Renderer.cpp">
      <Filter>Fichiers sources</Filter>
    </ClCompile>
    <ClCompile Include="C:\Users\42yea\libraries\glad\src\glad.c">
      <Filter>Fichiers sources</Filter>
    </ClCompile>
    <ClCompile Include="examples.cpp">
      <Filter>Fichiers sources\examples</Filter>
    </ClCompile>
    <ClCompile Include="util.cpp">
      <Filter>Fichiers sources</Filter>
    </ClCompile>
    <ClCompile Include="Sampler2D.cpp">
      <Filter>Fichiers sources</Filter>
    </ClCompile>
  </ItemGroup>
  <ItemGroup>
    <ClInclude Include="Window.h">
      <Filter>Fichiers d%27en-tête</Filter>
    </ClInclude>
    <ClInclude Include="Buffer.h">
      <Filter>Fichiers d%27en-tête</Filter>
    </ClInclude>
    <ClInclude Include="Renderer.h">
      <Filter>Fichiers d%27en-tête</Filter>
    </ClInclude>
    <ClInclude Include="util.h">
      <Filter>Fichiers d%27en-tête</Filter>
    </ClInclude>
    <ClInclude Include="example_01_triangle.h">
      <Filter>Fichiers sources\examples</Filter>
    </ClInclude>
    <ClInclude Include="example_02_lines.h">
      <Filter>Fichiers sources\examples</Filter>
    </ClInclude>
    <ClInclude Include="example_03_depth_test.h">
      <Filter>Fichiers sources\examples</Filter>
    </ClInclude>
    <ClInclude Include="example_04_spinning_cube.h">
      <Filter>Fichiers sources\examples</Filter>
    </ClInclude>
    <ClInclude Include="example_05_lighting.h">
      <Filter>Fichiers sources\examples</Filter>
    </ClInclude>
    <ClInclude Include="Sampler2D.h">
      <Filter>Fichiers d%27en-tête</Filter>
    </ClInclude>
    <ClInclude Include="example_06_texture.h">
      <Filter>Fichiers sources\examples</Filter>
    </ClInclude>
    <ClInclude Include="example_07_model_texture.h">
      <Filter>Fichiers sources\examples</Filter>
    </ClInclude>
    <ClInclude Include="example_08_framebuffer.h">
      <Filter>Fichiers sources\examples</Filter>
    </ClInclude>
  </ItemGroup>
</Project>